{
  "name": "web-sockets-training",
  "version": "1.0.0",
  "lockfileVersion": 1,
  "requires": true,
  "dependencies": {
    "async-limiter": {
      "version": "1.0.0",
      "resolved": "https://infusionsoft.jfrog.io/infusionsoft/api/npm/npm/async-limiter/-/async-limiter-1.0.0.tgz",
      "integrity": "sha1-ePrtjD0HSrgfIrTphdeehzj3IPg="
    },
    "ws": {
      "version": "6.1.2",
      "resolved": "https://infusionsoft.jfrog.io/infusionsoft/api/npm/npm/ws/-/ws-6.1.2.tgz",
      "integrity": "sha1-PMdGLph5LwrGeUJBSJA97TucOtg=",
      "requires": {
        "async-limiter": "~1.0.0"
      }
    }
  }
}
